
Microsoft Visual Studio Solution File, Format Version 12.00
# Visual Studio Version 17
VisualStudioVersion = 17.3.32929.385
MinimumVisualStudioVersion = 10.0.40219.1
Project("{FAE04EC0-301F-11D3-BF4B-00C04F79EFBC}") = "MyFirstWebApp", "MyFirstWebApp\MyFirstWebApp.csproj", "{BF20AF63-8844-4186-828A-A7DE3EBD8A19}"
EndProject
Global
	GlobalSection(SolutionConfigurationPlatforms) = preSolution
		Debug|Any CPU = Debug|Any CPU
		Release|Any CPU = Release|Any CPU
	EndGlobalSection
	GlobalSection(ProjectConfigurationPlatforms) = postSolution
		{BF20AF63-8844-4186-828A-A7DE3EBD8A19}.Debug|Any CPU.ActiveCfg = Debug|Any CPU
		{BF20AF63-8844-4186-828A-A7DE3EBD8A19}.Debug|Any CPU.Build.0 = Debug|Any CPU
		{BF20AF63-8844-4186-828A-A7DE3EBD8A19}.Release|Any CPU.ActiveCfg = Release|Any CPU
		{BF20AF63-8844-4186-828A-A7DE3EBD8A19}.Release|Any CPU.Build.0 = Release|Any CPU
	EndGlobalSection
	GlobalSection(SolutionProperties) = preSolution
		HideSolutionNode = FALSE
	EndGlobalSection
	GlobalSection(ExtensibilityGlobals) = postSolution
		SolutionGuid = {0057C1A2-0130-411A-9859-485727B994CD}
	EndGlobalSection
EndGlobal
